version = 1
revision = 3
requires-python = ">=3.11, <3.13"

[manifest]
members = [
    "spiff-arena-common",
    "spiffworkflow-arena",
]

[[package]]
name = "cfgv"
version = "3.4.0"
source = { registry = "https://pypi.org/simple" }
sdist = { url = "https://files.pythonhosted.org/packages/11/74/539e56497d9bd1d484fd863dd69cbbfa653cd2aa27abfe35653494d85e94/cfgv-3.4.0.tar.gz", hash = "sha256:e52591d4c5f5dead8e0f673fb16db7949d2cfb3f7da4582893288f0ded8fe560", size = 7114, upload-time = "2023-08-12T20:38:17.776Z" }
wheels = [
    { url = "https://files.pythonhosted.org/packages/c5/55/51844dd50c4fc7a33b653bfaba4c2456f06955289ca770a5dbd5fd267374/cfgv-3.4.0-py2.py3-none-any.whl", hash = "sha256:b7265b1f29fd3316bfcd2b330d63d024f2bfd8bcb8b0272f8e19a504856c48f9", size = 7249, upload-time = "2023-08-12T20:38:16.269Z" },
]

[[package]]
name = "distlib"
version = "0.4.0"
source = { registry = "https://pypi.org/simple" }
sdist = { url = "https://files.pythonhosted.org/packages/96/8e/709914eb2b5749865801041647dc7f4e6d00b549cfe88b65ca192995f07c/distlib-0.4.0.tar.gz", hash = "sha256:feec40075be03a04501a973d81f633735b4b69f98b05450592310c0f401a4e0d", size = 614605, upload-time = "2025-07-17T16:52:00.465Z" }
wheels = [
    { url = "https://files.pythonhosted.org/packages/33/6b/e0547afaf41bf2c42e52430072fa5658766e3d65bd4b03a563d1b6336f57/distlib-0.4.0-py2.py3-none-any.whl", hash = "sha256:9659f7d87e46584a30b5780e43ac7a2143098441670ff0a49d5f9034c54a6c16", size = 469047, upload-time = "2025-07-17T16:51:58.613Z" },
]

[[package]]
name = "filelock"
version = "3.19.1"
source = { registry = "https://pypi.org/simple" }
sdist = { url = "https://files.pythonhosted.org/packages/40/bb/0ab3e58d22305b6f5440629d20683af28959bf793d98d11950e305c1c326/filelock-3.19.1.tar.gz", hash = "sha256:66eda1888b0171c998b35be2bcc0f6d75c388a7ce20c3f3f37aa8e96c2dddf58", size = 17687, upload-time = "2025-08-14T16:56:03.016Z" }
wheels = [
    { url = "https://files.pythonhosted.org/packages/42/14/42b2651a2f46b022ccd948bca9f2d5af0fd8929c4eec235b8d6d844fbe67/filelock-3.19.1-py3-none-any.whl", hash = "sha256:d38e30481def20772f5baf097c122c3babc4fcdb7e14e57049eb9d88c6dc017d", size = 15988, upload-time = "2025-08-14T16:56:01.633Z" },
]

[[package]]
name = "identify"
version = "2.6.13"
source = { registry = "https://pypi.org/simple" }
sdist = { url = "https://files.pythonhosted.org/packages/82/ca/ffbabe3635bb839aa36b3a893c91a9b0d368cb4d8073e03a12896970af82/identify-2.6.13.tar.gz", hash = "sha256:da8d6c828e773620e13bfa86ea601c5a5310ba4bcd65edf378198b56a1f9fb32", size = 99243, upload-time = "2025-08-09T19:35:00.6Z" }
wheels = [
    { url = "https://files.pythonhosted.org/packages/e7/ce/461b60a3ee109518c055953729bf9ed089a04db895d47e95444071dcdef2/identify-2.6.13-py2.py3-none-any.whl", hash = "sha256:60381139b3ae39447482ecc406944190f690d4a2997f2584062089848361b33b", size = 99153, upload-time = "2025-08-09T19:34:59.1Z" },
]

[[package]]
name = "nodeenv"
version = "1.9.1"
source = { registry = "https://pypi.org/simple" }
sdist = { url = "https://files.pythonhosted.org/packages/43/16/fc88b08840de0e0a72a2f9d8c6bae36be573e475a6326ae854bcc549fc45/nodeenv-1.9.1.tar.gz", hash = "sha256:6ec12890a2dab7946721edbfbcd91f3319c6ccc9aec47be7c7e6b7011ee6645f", size = 47437, upload-time = "2024-06-04T18:44:11.171Z" }
wheels = [
    { url = "https://files.pythonhosted.org/packages/d2/1d/1b658dbd2b9fa9c4c9f32accbfc0205d532c8c6194dc0f2a4c0428e7128a/nodeenv-1.9.1-py2.py3-none-any.whl", hash = "sha256:ba11c9782d29c27c70ffbdda2d7415098754709be8a7056d79a737cd901155c9", size = 22314, upload-time = "2024-06-04T18:44:08.352Z" },
]

[[package]]
name = "platformdirs"
version = "4.3.8"
source = { registry = "https://pypi.org/simple" }
sdist = { url = "https://files.pythonhosted.org/packages/fe/8b/3c73abc9c759ecd3f1f7ceff6685840859e8070c4d947c93fae71f6a0bf2/platformdirs-4.3.8.tar.gz", hash = "sha256:3d512d96e16bcb959a814c9f348431070822a6496326a4be0911c40b5a74c2bc", size = 21362, upload-time = "2025-05-07T22:47:42.121Z" }
wheels = [
    { url = "https://files.pythonhosted.org/packages/fe/39/979e8e21520d4e47a0bbe349e2713c0aac6f3d853d0e5b34d76206c439aa/platformdirs-4.3.8-py3-none-any.whl", hash = "sha256:ff7059bb7eb1179e2685604f4aaf157cfd9535242bd23742eadc3c13542139b4", size = 18567, upload-time = "2025-05-07T22:47:40.376Z" },
]

[[package]]
name = "pre-commit"
version = "4.3.0"
source = { registry = "https://pypi.org/simple" }
dependencies = [
    { name = "cfgv" },
    { name = "identify" },
    { name = "nodeenv" },
    { name = "pyyaml" },
    { name = "virtualenv" },
]
sdist = { url = "https://files.pythonhosted.org/packages/ff/29/7cf5bbc236333876e4b41f56e06857a87937ce4bf91e117a6991a2dbb02a/pre_commit-4.3.0.tar.gz", hash = "sha256:499fe450cc9d42e9d58e606262795ecb64dd05438943c62b66f6a8673da30b16", size = 193792, upload-time = "2025-08-09T18:56:14.651Z" }
wheels = [
    { url = "https://files.pythonhosted.org/packages/5b/a5/987a405322d78a73b66e39e4a90e4ef156fd7141bf71df987e50717c321b/pre_commit-4.3.0-py2.py3-none-any.whl", hash = "sha256:2b0747ad7e6e967169136edffee14c16e148a778a54e4f967921aa1ebf2308d8", size = 220965, upload-time = "2025-08-09T18:56:13.192Z" },
]

[[package]]
name = "pre-commit-hooks"
version = "6.0.0"
source = { registry = "https://pypi.org/simple" }
dependencies = [
    { name = "ruamel-yaml" },
]
sdist = { url = "https://files.pythonhosted.org/packages/36/4d/93e63e48f8fd16d6c1e4cef5dabadcade4d1325c7fd6f29f075a4d2284f3/pre_commit_hooks-6.0.0.tar.gz", hash = "sha256:76d8370c006f5026cdd638a397a678d26dda735a3c88137e05885a020f824034", size = 28293, upload-time = "2025-08-09T19:25:04.6Z" }
wheels = [
    { url = "https://files.pythonhosted.org/packages/12/46/eba9be9daa403fa94854ce16a458c29df9a01c6c047931c3d8be6016cd9a/pre_commit_hooks-6.0.0-py2.py3-none-any.whl", hash = "sha256:76161b76d321d2f8ee2a8e0b84c30ee8443e01376121fd1c90851e33e3bd7ee2", size = 41338, upload-time = "2025-08-09T19:25:03.513Z" },
]

[[package]]
name = "pyyaml"
version = "6.0.2"
source = { registry = "https://pypi.org/simple" }
sdist = { url = "https://files.pythonhosted.org/packages/54/ed/79a089b6be93607fa5cdaedf301d7dfb23af5f25c398d5ead2525b063e17/pyyaml-6.0.2.tar.gz", hash = "sha256:d584d9ec91ad65861cc08d42e834324ef890a082e591037abe114850ff7bbc3e", size = 130631, upload-time = "2024-08-06T20:33:50.674Z" }
wheels = [
    { url = "https://files.pythonhosted.org/packages/f8/aa/7af4e81f7acba21a4c6be026da38fd2b872ca46226673c89a758ebdc4fd2/PyYAML-6.0.2-cp311-cp311-macosx_10_9_x86_64.whl", hash = "sha256:cc1c1159b3d456576af7a3e4d1ba7e6924cb39de8f67111c735f6fc832082774", size = 184612, upload-time = "2024-08-06T20:32:03.408Z" },
    { url = "https://files.pythonhosted.org/packages/8b/62/b9faa998fd185f65c1371643678e4d58254add437edb764a08c5a98fb986/PyYAML-6.0.2-cp311-cp311-macosx_11_0_arm64.whl", hash = "sha256:1e2120ef853f59c7419231f3bf4e7021f1b936f6ebd222406c3b60212205d2ee", size = 172040, upload-time = "2024-08-06T20:32:04.926Z" },
    { url = "https://files.pythonhosted.org/packages/ad/0c/c804f5f922a9a6563bab712d8dcc70251e8af811fce4524d57c2c0fd49a4/PyYAML-6.0.2-cp311-cp311-manylinux_2_17_aarch64.manylinux2014_aarch64.whl", hash = "sha256:5d225db5a45f21e78dd9358e58a98702a0302f2659a3c6cd320564b75b86f47c", size = 736829, upload-time = "2024-08-06T20:32:06.459Z" },
    { url = "https://files.pythonhosted.org/packages/51/16/6af8d6a6b210c8e54f1406a6b9481febf9c64a3109c541567e35a49aa2e7/PyYAML-6.0.2-cp311-cp311-manylinux_2_17_s390x.manylinux2014_s390x.whl", hash = "sha256:5ac9328ec4831237bec75defaf839f7d4564be1e6b25ac710bd1a96321cc8317", size = 764167, upload-time = "2024-08-06T20:32:08.338Z" },
    { url = "https://files.pythonhosted.org/packages/75/e4/2c27590dfc9992f73aabbeb9241ae20220bd9452df27483b6e56d3975cc5/PyYAML-6.0.2-cp311-cp311-manylinux_2_17_x86_64.manylinux2014_x86_64.whl", hash = "sha256:3ad2a3decf9aaba3d29c8f537ac4b243e36bef957511b4766cb0057d32b0be85", size = 762952, upload-time = "2024-08-06T20:32:14.124Z" },
    { url = "https://files.pythonhosted.org/packages/9b/97/ecc1abf4a823f5ac61941a9c00fe501b02ac3ab0e373c3857f7d4b83e2b6/PyYAML-6.0.2-cp311-cp311-musllinux_1_1_aarch64.whl", hash = "sha256:ff3824dc5261f50c9b0dfb3be22b4567a6f938ccce4587b38952d85fd9e9afe4", size = 735301, upload-time = "2024-08-06T20:32:16.17Z" },
    { url = "https://files.pythonhosted.org/packages/45/73/0f49dacd6e82c9430e46f4a027baa4ca205e8b0a9dce1397f44edc23559d/PyYAML-6.0.2-cp311-cp311-musllinux_1_1_x86_64.whl", hash = "sha256:797b4f722ffa07cc8d62053e4cff1486fa6dc094105d13fea7b1de7d8bf71c9e", size = 756638, upload-time = "2024-08-06T20:32:18.555Z" },
    { url = "https://files.pythonhosted.org/packages/22/5f/956f0f9fc65223a58fbc14459bf34b4cc48dec52e00535c79b8db361aabd/PyYAML-6.0.2-cp311-cp311-win32.whl", hash = "sha256:11d8f3dd2b9c1207dcaf2ee0bbbfd5991f571186ec9cc78427ba5bd32afae4b5", size = 143850, upload-time = "2024-08-06T20:32:19.889Z" },
    { url = "https://files.pythonhosted.org/packages/ed/23/8da0bbe2ab9dcdd11f4f4557ccaf95c10b9811b13ecced089d43ce59c3c8/PyYAML-6.0.2-cp311-cp311-win_amd64.whl", hash = "sha256:e10ce637b18caea04431ce14fabcf5c64a1c61ec9c56b071a4b7ca131ca52d44", size = 161980, upload-time = "2024-08-06T20:32:21.273Z" },
    { url = "https://files.pythonhosted.org/packages/86/0c/c581167fc46d6d6d7ddcfb8c843a4de25bdd27e4466938109ca68492292c/PyYAML-6.0.2-cp312-cp312-macosx_10_9_x86_64.whl", hash = "sha256:c70c95198c015b85feafc136515252a261a84561b7b1d51e3384e0655ddf25ab", size = 183873, upload-time = "2024-08-06T20:32:25.131Z" },
    { url = "https://files.pythonhosted.org/packages/a8/0c/38374f5bb272c051e2a69281d71cba6fdb983413e6758b84482905e29a5d/PyYAML-6.0.2-cp312-cp312-macosx_11_0_arm64.whl", hash = "sha256:ce826d6ef20b1bc864f0a68340c8b3287705cae2f8b4b1d932177dcc76721725", size = 173302, upload-time = "2024-08-06T20:32:26.511Z" },
    { url = "https://files.pythonhosted.org/packages/c3/93/9916574aa8c00aa06bbac729972eb1071d002b8e158bd0e83a3b9a20a1f7/PyYAML-6.0.2-cp312-cp312-manylinux_2_17_aarch64.manylinux2014_aarch64.whl", hash = "sha256:1f71ea527786de97d1a0cc0eacd1defc0985dcf6b3f17bb77dcfc8c34bec4dc5", size = 739154, upload-time = "2024-08-06T20:32:28.363Z" },
    { url = "https://files.pythonhosted.org/packages/95/0f/b8938f1cbd09739c6da569d172531567dbcc9789e0029aa070856f123984/PyYAML-6.0.2-cp312-cp312-manylinux_2_17_s390x.manylinux2014_s390x.whl", hash = "sha256:9b22676e8097e9e22e36d6b7bda33190d0d400f345f23d4065d48f4ca7ae0425", size = 766223, upload-time = "2024-08-06T20:32:30.058Z" },
    { url = "https://files.pythonhosted.org/packages/b9/2b/614b4752f2e127db5cc206abc23a8c19678e92b23c3db30fc86ab731d3bd/PyYAML-6.0.2-cp312-cp312-manylinux_2_17_x86_64.manylinux2014_x86_64.whl", hash = "sha256:80bab7bfc629882493af4aa31a4cfa43a4c57c83813253626916b8c7ada83476", size = 767542, upload-time = "2024-08-06T20:32:31.881Z" },
    { url = "https://files.pythonhosted.org/packages/d4/00/dd137d5bcc7efea1836d6264f049359861cf548469d18da90cd8216cf05f/PyYAML-6.0.2-cp312-cp312-musllinux_1_1_aarch64.whl", hash = "sha256:0833f8694549e586547b576dcfaba4a6b55b9e96098b36cdc7ebefe667dfed48", size = 731164, upload-time = "2024-08-06T20:32:37.083Z" },
    { url = "https://files.pythonhosted.org/packages/c9/1f/4f998c900485e5c0ef43838363ba4a9723ac0ad73a9dc42068b12aaba4e4/PyYAML-6.0.2-cp312-cp312-musllinux_1_1_x86_64.whl", hash = "sha256:8b9c7197f7cb2738065c481a0461e50ad02f18c78cd75775628afb4d7137fb3b", size = 756611, upload-time = "2024-08-06T20:32:38.898Z" },
    { url = "https://files.pythonhosted.org/packages/df/d1/f5a275fdb252768b7a11ec63585bc38d0e87c9e05668a139fea92b80634c/PyYAML-6.0.2-cp312-cp312-win32.whl", hash = "sha256:ef6107725bd54b262d6dedcc2af448a266975032bc85ef0172c5f059da6325b4", size = 140591, upload-time = "2024-08-06T20:32:40.241Z" },
    { url = "https://files.pythonhosted.org/packages/0c/e8/4f648c598b17c3d06e8753d7d13d57542b30d56e6c2dedf9c331ae56312e/PyYAML-6.0.2-cp312-cp312-win_amd64.whl", hash = "sha256:7e7401d0de89a9a855c839bc697c079a4af81cf878373abd7dc625847d25cbd8", size = 156338, upload-time = "2024-08-06T20:32:41.93Z" },
]

[[package]]
name = "ruamel-yaml"
version = "0.18.15"
source = { registry = "https://pypi.org/simple" }
dependencies = [
    { name = "ruamel-yaml-clib", marker = "platform_python_implementation == 'CPython'" },
]
sdist = { url = "https://files.pythonhosted.org/packages/3e/db/f3950f5e5031b618aae9f423a39bf81a55c148aecd15a34527898e752cf4/ruamel.yaml-0.18.15.tar.gz", hash = "sha256:dbfca74b018c4c3fba0b9cc9ee33e53c371194a9000e694995e620490fd40700", size = 146865, upload-time = "2025-08-19T11:15:10.694Z" }
wheels = [
    { url = "https://files.pythonhosted.org/packages/d1/e5/f2a0621f1781b76a38194acae72f01e37b1941470407345b6e8653ad7640/ruamel.yaml-0.18.15-py3-none-any.whl", hash = "sha256:148f6488d698b7a5eded5ea793a025308b25eca97208181b6a026037f391f701", size = 119702, upload-time = "2025-08-19T11:15:07.696Z" },
]

[[package]]
name = "ruamel-yaml-clib"
version = "0.2.12"
source = { registry = "https://pypi.org/simple" }
sdist = { url = "https://files.pythonhosted.org/packages/20/84/80203abff8ea4993a87d823a5f632e4d92831ef75d404c9fc78d0176d2b5/ruamel.yaml.clib-0.2.12.tar.gz", hash = "sha256:6c8fbb13ec503f99a91901ab46e0b07ae7941cd527393187039aec586fdfd36f", size = 225315, upload-time = "2024-10-20T10:10:56.22Z" }
wheels = [
    { url = "https://files.pythonhosted.org/packages/fb/8f/683c6ad562f558cbc4f7c029abcd9599148c51c54b5ef0f24f2638da9fbb/ruamel.yaml.clib-0.2.12-cp311-cp311-macosx_13_0_arm64.whl", hash = "sha256:4a6679521a58256a90b0d89e03992c15144c5f3858f40d7c18886023d7943db6", size = 132224, upload-time = "2024-10-20T10:12:45.162Z" },
    { url = "https://files.pythonhosted.org/packages/3c/d2/b79b7d695e2f21da020bd44c782490578f300dd44f0a4c57a92575758a76/ruamel.yaml.clib-0.2.12-cp311-cp311-manylinux2014_aarch64.whl", hash = "sha256:d84318609196d6bd6da0edfa25cedfbabd8dbde5140a0a23af29ad4b8f91fb1e", size = 641480, upload-time = "2024-10-20T10:12:46.758Z" },
    { url = "https://files.pythonhosted.org/packages/68/6e/264c50ce2a31473a9fdbf4fa66ca9b2b17c7455b31ef585462343818bd6c/ruamel.yaml.clib-0.2.12-cp311-cp311-manylinux_2_17_x86_64.manylinux2014_x86_64.whl", hash = "sha256:bb43a269eb827806502c7c8efb7ae7e9e9d0573257a46e8e952f4d4caba4f31e", size = 739068, upload-time = "2024-10-20T10:12:48.605Z" },
    { url = "https://files.pythonhosted.org/packages/86/29/88c2567bc893c84d88b4c48027367c3562ae69121d568e8a3f3a8d363f4d/ruamel.yaml.clib-0.2.12-cp311-cp311-manylinux_2_5_i686.manylinux1_i686.manylinux_2_17_i686.manylinux2014_i686.whl", hash = "sha256:811ea1594b8a0fb466172c384267a4e5e367298af6b228931f273b111f17ef52", size = 703012, upload-time = "2024-10-20T10:12:51.124Z" },
    { url = "https://files.pythonhosted.org/packages/11/46/879763c619b5470820f0cd6ca97d134771e502776bc2b844d2adb6e37753/ruamel.yaml.clib-0.2.12-cp311-cp311-musllinux_1_1_i686.whl", hash = "sha256:cf12567a7b565cbf65d438dec6cfbe2917d3c1bdddfce84a9930b7d35ea59642", size = 704352, upload-time = "2024-10-21T11:26:41.438Z" },
    { url = "https://files.pythonhosted.org/packages/02/80/ece7e6034256a4186bbe50dee28cd032d816974941a6abf6a9d65e4228a7/ruamel.yaml.clib-0.2.12-cp311-cp311-musllinux_1_1_x86_64.whl", hash = "sha256:7dd5adc8b930b12c8fc5b99e2d535a09889941aa0d0bd06f4749e9a9397c71d2", size = 737344, upload-time = "2024-10-21T11:26:43.62Z" },
    { url = "https://files.pythonhosted.org/packages/f0/ca/e4106ac7e80efbabdf4bf91d3d32fc424e41418458251712f5672eada9ce/ruamel.yaml.clib-0.2.12-cp311-cp311-musllinux_1_2_aarch64.whl", hash = "sha256:1492a6051dab8d912fc2adeef0e8c72216b24d57bd896ea607cb90bb0c4981d3", size = 714498, upload-time = "2024-12-11T19:58:15.592Z" },
    { url = "https://files.pythonhosted.org/packages/67/58/b1f60a1d591b771298ffa0428237afb092c7f29ae23bad93420b1eb10703/ruamel.yaml.clib-0.2.12-cp311-cp311-win32.whl", hash = "sha256:bd0a08f0bab19093c54e18a14a10b4322e1eacc5217056f3c063bd2f59853ce4", size = 100205, upload-time = "2024-10-20T10:12:52.865Z" },
    { url = "https://files.pythonhosted.org/packages/b4/4f/b52f634c9548a9291a70dfce26ca7ebce388235c93588a1068028ea23fcc/ruamel.yaml.clib-0.2.12-cp311-cp311-win_amd64.whl", hash = "sha256:a274fb2cb086c7a3dea4322ec27f4cb5cc4b6298adb583ab0e211a4682f241eb", size = 118185, upload-time = "2024-10-20T10:12:54.652Z" },
    { url = "https://files.pythonhosted.org/packages/48/41/e7a405afbdc26af961678474a55373e1b323605a4f5e2ddd4a80ea80f628/ruamel.yaml.clib-0.2.12-cp312-cp312-macosx_14_0_arm64.whl", hash = "sha256:20b0f8dc160ba83b6dcc0e256846e1a02d044e13f7ea74a3d1d56ede4e48c632", size = 133433, upload-time = "2024-10-20T10:12:55.657Z" },
    { url = "https://files.pythonhosted.org/packages/ec/b0/b850385604334c2ce90e3ee1013bd911aedf058a934905863a6ea95e9eb4/ruamel.yaml.clib-0.2.12-cp312-cp312-manylinux2014_aarch64.whl", hash = "sha256:943f32bc9dedb3abff9879edc134901df92cfce2c3d5c9348f172f62eb2d771d", size = 647362, upload-time = "2024-10-20T10:12:57.155Z" },
    { url = "https://files.pythonhosted.org/packages/44/d0/3f68a86e006448fb6c005aee66565b9eb89014a70c491d70c08de597f8e4/ruamel.yaml.clib-0.2.12-cp312-cp312-manylinux_2_17_x86_64.manylinux2014_x86_64.whl", hash = "sha256:95c3829bb364fdb8e0332c9931ecf57d9be3519241323c5274bd82f709cebc0c", size = 754118, upload-time = "2024-10-20T10:12:58.501Z" },
    { url = "https://files.pythonhosted.org/packages/52/a9/d39f3c5ada0a3bb2870d7db41901125dbe2434fa4f12ca8c5b83a42d7c53/ruamel.yaml.clib-0.2.12-cp312-cp312-manylinux_2_5_i686.manylinux1_i686.manylinux_2_17_i686.manylinux2014_i686.whl", hash = "sha256:749c16fcc4a2b09f28843cda5a193e0283e47454b63ec4b81eaa2242f50e4ccd", size = 706497, upload-time = "2024-10-20T10:13:00.211Z" },
    { url = "https://files.pythonhosted.org/packages/b0/fa/097e38135dadd9ac25aecf2a54be17ddf6e4c23e43d538492a90ab3d71c6/ruamel.yaml.clib-0.2.12-cp312-cp312-musllinux_1_1_i686.whl", hash = "sha256:bf165fef1f223beae7333275156ab2022cffe255dcc51c27f066b4370da81e31", size = 698042, upload-time = "2024-10-21T11:26:46.038Z" },
    { url = "https://files.pythonhosted.org/packages/ec/d5/a659ca6f503b9379b930f13bc6b130c9f176469b73b9834296822a83a132/ruamel.yaml.clib-0.2.12-cp312-cp312-musllinux_1_1_x86_64.whl", hash = "sha256:32621c177bbf782ca5a18ba4d7af0f1082a3f6e517ac2a18b3974d4edf349680", size = 745831, upload-time = "2024-10-21T11:26:47.487Z" },
    { url = "https://files.pythonhosted.org/packages/db/5d/36619b61ffa2429eeaefaab4f3374666adf36ad8ac6330d855848d7d36fd/ruamel.yaml.clib-0.2.12-cp312-cp312-musllinux_1_2_aarch64.whl", hash = "sha256:b82a7c94a498853aa0b272fd5bc67f29008da798d4f93a2f9f289feb8426a58d", size = 715692, upload-time = "2024-12-11T19:58:17.252Z" },
    { url = "https://files.pythonhosted.org/packages/b1/82/85cb92f15a4231c89b95dfe08b09eb6adca929ef7df7e17ab59902b6f589/ruamel.yaml.clib-0.2.12-cp312-cp312-win32.whl", hash = "sha256:e8c4ebfcfd57177b572e2040777b8abc537cdef58a2120e830124946aa9b42c5", size = 98777, upload-time = "2024-10-20T10:13:01.395Z" },
    { url = "https://files.pythonhosted.org/packages/d7/8f/c3654f6f1ddb75daf3922c3d8fc6005b1ab56671ad56ffb874d908bfa668/ruamel.yaml.clib-0.2.12-cp312-cp312-win_amd64.whl", hash = "sha256:0467c5965282c62203273b838ae77c0d29d7638c8a4e3a1c8bdd3602c10904e4", size = 115523, upload-time = "2024-10-20T10:13:02.768Z" },
]

[[package]]
name = "ruff"
version = "0.12.10"
source = { registry = "https://pypi.org/simple" }
sdist = { url = "https://files.pythonhosted.org/packages/3b/eb/8c073deb376e46ae767f4961390d17545e8535921d2f65101720ed8bd434/ruff-0.12.10.tar.gz", hash = "sha256:189ab65149d11ea69a2d775343adf5f49bb2426fc4780f65ee33b423ad2e47f9", size = 5310076, upload-time = "2025-08-21T18:23:22.595Z" }
wheels = [
    { url = "https://files.pythonhosted.org/packages/24/e7/560d049d15585d6c201f9eeacd2fd130def3741323e5ccf123786e0e3c95/ruff-0.12.10-py3-none-linux_armv6l.whl", hash = "sha256:8b593cb0fb55cc8692dac7b06deb29afda78c721c7ccfed22db941201b7b8f7b", size = 11935161, upload-time = "2025-08-21T18:22:26.965Z" },
    { url = "https://files.pythonhosted.org/packages/d1/b0/ad2464922a1113c365d12b8f80ed70fcfb39764288ac77c995156080488d/ruff-0.12.10-py3-none-macosx_10_12_x86_64.whl", hash = "sha256:ebb7333a45d56efc7c110a46a69a1b32365d5c5161e7244aaf3aa20ce62399c1", size = 12660884, upload-time = "2025-08-21T18:22:30.925Z" },
    { url = "https://files.pythonhosted.org/packages/d7/f1/97f509b4108d7bae16c48389f54f005b62ce86712120fd8b2d8e88a7cb49/ruff-0.12.10-py3-none-macosx_11_0_arm64.whl", hash = "sha256:d59e58586829f8e4a9920788f6efba97a13d1fa320b047814e8afede381c6839", size = 11872754, upload-time = "2025-08-21T18:22:34.035Z" },
    { url = "https://files.pythonhosted.org/packages/12/ad/44f606d243f744a75adc432275217296095101f83f966842063d78eee2d3/ruff-0.12.10-py3-none-manylinux_2_17_aarch64.manylinux2014_aarch64.whl", hash = "sha256:822d9677b560f1fdeab69b89d1f444bf5459da4aa04e06e766cf0121771ab844", size = 12092276, upload-time = "2025-08-21T18:22:36.764Z" },
    { url = "https://files.pythonhosted.org/packages/06/1f/ed6c265e199568010197909b25c896d66e4ef2c5e1c3808caf461f6f3579/ruff-0.12.10-py3-none-manylinux_2_17_armv7l.manylinux2014_armv7l.whl", hash = "sha256:37b4a64f4062a50c75019c61c7017ff598cb444984b638511f48539d3a1c98db", size = 11734700, upload-time = "2025-08-21T18:22:39.822Z" },
    { url = "https://files.pythonhosted.org/packages/63/c5/b21cde720f54a1d1db71538c0bc9b73dee4b563a7dd7d2e404914904d7f5/ruff-0.12.10-py3-none-manylinux_2_17_i686.manylinux2014_i686.whl", hash = "sha256:2c6f4064c69d2542029b2a61d39920c85240c39837599d7f2e32e80d36401d6e", size = 13468783, upload-time = "2025-08-21T18:22:42.559Z" },
    { url = "https://files.pythonhosted.org/packages/02/9e/39369e6ac7f2a1848f22fb0b00b690492f20811a1ac5c1fd1d2798329263/ruff-0.12.10-py3-none-manylinux_2_17_ppc64.manylinux2014_ppc64.whl", hash = "sha256:059e863ea3a9ade41407ad71c1de2badfbe01539117f38f763ba42a1206f7559", size = 14436642, upload-time = "2025-08-21T18:22:45.612Z" },
    { url = "https://files.pythonhosted.org/packages/e3/03/5da8cad4b0d5242a936eb203b58318016db44f5c5d351b07e3f5e211bb89/ruff-0.12.10-py3-none-manylinux_2_17_ppc64le.manylinux2014_ppc64le.whl", hash = "sha256:1bef6161e297c68908b7218fa6e0e93e99a286e5ed9653d4be71e687dff101cf", size = 13859107, upload-time = "2025-08-21T18:22:48.886Z" },
    { url = "https://files.pythonhosted.org/packages/19/19/dd7273b69bf7f93a070c9cec9494a94048325ad18fdcf50114f07e6bf417/ruff-0.12.10-py3-none-manylinux_2_17_s390x.manylinux2014_s390x.whl", hash = "sha256:4f1345fbf8fb0531cd722285b5f15af49b2932742fc96b633e883da8d841896b", size = 12886521, upload-time = "2025-08-21T18:22:51.567Z" },
    { url = "https://files.pythonhosted.org/packages/c0/1d/b4207ec35e7babaee62c462769e77457e26eb853fbdc877af29417033333/ruff-0.12.10-py3-none-manylinux_2_17_x86_64.manylinux2014_x86_64.whl", hash = "sha256:1f68433c4fbc63efbfa3ba5db31727db229fa4e61000f452c540474b03de52a9", size = 13097528, upload-time = "2025-08-21T18:22:54.609Z" },
    { url = "https://files.pythonhosted.org/packages/ff/00/58f7b873b21114456e880b75176af3490d7a2836033779ca42f50de3b47a/ruff-0.12.10-py3-none-manylinux_2_31_riscv64.whl", hash = "sha256:141ce3d88803c625257b8a6debf4a0473eb6eed9643a6189b68838b43e78165a", size = 13080443, upload-time = "2025-08-21T18:22:57.413Z" },
    { url = "https://files.pythonhosted.org/packages/12/8c/9e6660007fb10189ccb78a02b41691288038e51e4788bf49b0a60f740604/ruff-0.12.10-py3-none-musllinux_1_2_aarch64.whl", hash = "sha256:f3fc21178cd44c98142ae7590f42ddcb587b8e09a3b849cbc84edb62ee95de60", size = 11896759, upload-time = "2025-08-21T18:23:00.473Z" },
    { url = "https://files.pythonhosted.org/packages/67/4c/6d092bb99ea9ea6ebda817a0e7ad886f42a58b4501a7e27cd97371d0ba54/ruff-0.12.10-py3-none-musllinux_1_2_armv7l.whl", hash = "sha256:7d1a4e0bdfafcd2e3e235ecf50bf0176f74dd37902f241588ae1f6c827a36c56", size = 11701463, upload-time = "2025-08-21T18:23:03.211Z" },
    { url = "https://files.pythonhosted.org/packages/59/80/d982c55e91df981f3ab62559371380616c57ffd0172d96850280c2b04fa8/ruff-0.12.10-py3-none-musllinux_1_2_i686.whl", hash = "sha256:e67d96827854f50b9e3e8327b031647e7bcc090dbe7bb11101a81a3a2cbf1cc9", size = 12691603, upload-time = "2025-08-21T18:23:06.935Z" },
    { url = "https://files.pythonhosted.org/packages/ad/37/63a9c788bbe0b0850611669ec6b8589838faf2f4f959647f2d3e320383ae/ruff-0.12.10-py3-none-musllinux_1_2_x86_64.whl", hash = "sha256:ae479e1a18b439c59138f066ae79cc0f3ee250712a873d00dbafadaad9481e5b", size = 13164356, upload-time = "2025-08-21T18:23:10.225Z" },
    { url = "https://files.pythonhosted.org/packages/47/d4/1aaa7fb201a74181989970ebccd12f88c0fc074777027e2a21de5a90657e/ruff-0.12.10-py3-none-win32.whl", hash = "sha256:9de785e95dc2f09846c5e6e1d3a3d32ecd0b283a979898ad427a9be7be22b266", size = 11896089, upload-time = "2025-08-21T18:23:14.232Z" },
    { url = "https://files.pythonhosted.org/packages/ad/14/2ad38fd4037daab9e023456a4a40ed0154e9971f8d6aed41bdea390aabd9/ruff-0.12.10-py3-none-win_amd64.whl", hash = "sha256:7837eca8787f076f67aba2ca559cefd9c5cbc3a9852fd66186f4201b87c1563e", size = 13004616, upload-time = "2025-08-21T18:23:17.422Z" },
    { url = "https://files.pythonhosted.org/packages/24/3c/21cf283d67af33a8e6ed242396863af195a8a6134ec581524fd22b9811b6/ruff-0.12.10-py3-none-win_arm64.whl", hash = "sha256:cc138cc06ed9d4bfa9d667a65af7172b47840e1a98b02ce7011c391e54635ffc", size = 12074225, upload-time = "2025-08-21T18:23:20.137Z" },
]

[[package]]
name = "spiff-arena-common"
version = "0.1.4"
source = { editable = "spiff-arena-common" }

[[package]]
name = "spiffworkflow-arena"
version = "0.0.0"
source = { virtual = "." }

[package.dev-dependencies]
dev = [
    { name = "pre-commit" },
    { name = "pre-commit-hooks" },
    { name = "ruff" },
]

[package.metadata]

[package.metadata.requires-dev]
dev = [
    { name = "pre-commit" },
    { name = "pre-commit-hooks" },
    { name = "ruff" },
]

[[package]]
name = "virtualenv"
version = "20.34.0"
source = { registry = "https://pypi.org/simple" }
dependencies = [
    { name = "distlib" },
    { name = "filelock" },
    { name = "platformdirs" },
]
sdist = { url = "https://files.pythonhosted.org/packages/1c/14/37fcdba2808a6c615681cd216fecae00413c9dab44fb2e57805ecf3eaee3/virtualenv-20.34.0.tar.gz", hash = "sha256:44815b2c9dee7ed86e387b842a84f20b93f7f417f95886ca1996a72a4138eb1a", size = 6003808, upload-time = "2025-08-13T14:24:07.464Z" }
wheels = [
    { url = "https://files.pythonhosted.org/packages/76/06/04c8e804f813cf972e3262f3f8584c232de64f0cde9f703b46cf53a45090/virtualenv-20.34.0-py3-none-any.whl", hash = "sha256:341f5afa7eee943e4984a9207c025feedd768baff6753cd660c857ceb3e36026", size = 5983279, upload-time = "2025-08-13T14:24:05.111Z" },
]
